{
    "_readme": [
        "This file locks the dependencies of your project to a known state",
        "Read more about it at http://getcomposer.org/doc/01-basic-usage.md#composer-lock-the-lock-file",
        "This file is @generated automatically"
    ],
    "hash": "ccf8e8355baf5cbeaef5d5bfd51d8658",
    "packages": [
        {
            "name": "dompdf",
            "version": "dev-master",
            "dist": {
                "type": "zip",
                "url": "https://codeload.github.com/dompdf/dompdf/zip/master",
                "reference": null,
                "shasum": null
            },
            "type": "library"
        }
    ],
    "packages-dev": [

    ],
    "aliases": [

    ],
    "minimum-stability": "stable",
    "stability-flags": {
        "dompdf": 20
    },
    "platform": {
        "php": ">=5.3.0"
    },
    "platform-dev": [

    ]
}
