{
    "_readme": [
        "This file locks the dependencies of your project to a known state",
        "Read more about it at http://getcomposer.org/doc/01-basic-usage.md#composer-lock-the-lock-file",
        "This file is @generated automatically"
    ],
    "hash": "9e093c8d03df93cec7b8ea4ea3b275cf",
    "packages": [
        {
            "name": "dompdf",
            "version": "0.6.1",
            "dist": {
                "type": "zip",
                "url": "https://codeload.github.com/dompdf/dompdf/zip/master",
                "reference": null,
                "shasum": null
            },
            "type": "library"
        }
    ],
    "packages-dev": [

    ],
    "aliases": [

    ],
    "minimum-stability": "stable",
    "stability-flags": [

    ],
    "platform": {
        "php": ">=5.3.0"
    },
    "platform-dev": [

    ]
}
